PODS:
  - app_links (6.4.1):
    - FlutterMacOS
  - camera_macos (0.0.1):
    - FlutterMacOS
  - EigenCocoa (3.4.0)
  - file_selector_macos (0.0.1):
    - FlutterMacOS
  - flutter_vision (1.0.0):
    - EigenCocoa (~> 3.4.0)
    - FlutterMacOS
  - FlutterMacOS (1.0.0)
  - package_info_plus (0.0.1):
    - FlutterMacOS
  - Sentry/HybridSDK (8.58.4)
  - sentry_flutter (9.29.0):
    - Flutter
    - FlutterMacOS
    - Sentry/HybridSDK (= 8.58.4)
  - share_plus (0.0.1):
    - FlutterMacOS
  - shared_preferences_foundation (0.0.1):
    - Flutter
    - FlutterMacOS
  - url_launcher_macos (0.0.1):
    - FlutterMacOS

DEPENDENCIES:
  - app_links (from `Flutter/ephemeral/.symlinks/plugins/app_links/macos`)
  - camera_macos (from `Flutter/ephemeral/.symlinks/plugins/camera_macos/macos`)
  - file_selector_macos (from `Flutter/ephemeral/.symlinks/plugins/file_selector_macos/macos`)
  - flutter_vision (from `Flutter/ephemeral/.symlinks/plugins/flutter_vision/macos`)
  - FlutterMacOS (from `Flutter/ephemeral`)
  - package_info_plus (from `Flutter/ephemeral/.symlinks/plugins/package_info_plus/macos`)
  - sentry_flutter (from `Flutter/ephemeral/.symlinks/plugins/sentry_flutter/macos`)
  - share_plus (from `Flutter/ephemeral/.symlinks/plugins/share_plus/macos`)
  - shared_preferences_foundation (from `Flutter/ephemeral/.symlinks/plugins/shared_preferences_foundation/darwin`)
  - url_launcher_macos (from `Flutter/ephemeral/.symlinks/plugins/url_launcher_macos/macos`)

SPEC REPOS:
  trunk:
    - EigenCocoa
    - Sentry

EXTERNAL SOURCES:
  app_links:
    :path: Flutter/ephemeral/.symlinks/plugins/app_links/macos
  camera_macos:
    :path: Flutter/ephemeral/.symlinks/plugins/camera_macos/macos
  file_selector_macos:
    :path: Flutter/ephemeral/.symlinks/plugins/file_selector_macos/macos
  flutter_vision:
    :path: Flutter/ephemeral/.symlinks/plugins/flutter_vision/macos
  FlutterMacOS:
    :path: Flutter/ephemeral
  package_info_plus:
    :path: Flutter/ephemeral/.symlinks/plugins/package_info_plus/macos
  sentry_flutter:
    :path: Flutter/ephemeral/.symlinks/plugins/sentry_flutter/macos
  share_plus:
    :path: Flutter/ephemeral/.symlinks/plugins/share_plus/macos
  shared_preferences_foundation:
    :path: Flutter/ephemeral/.symlinks/plugins/shared_preferences_foundation/darwin
  url_launcher_macos:
    :path: Flutter/ephemeral/.symlinks/plugins/url_launcher_macos/macos

SPEC CHECKSUMS:
  app_links: c3185399a5cabc2e610ee5ad52fb7269b84ff869
  camera_macos: e59487ffa5d7c3c1db8f071e891cc4d0c2ffffd4
  EigenCocoa: 471ba05bd96f79d61e1c7c53dc08bf0f49611ccf
  file_selector_macos: 3e56eaea051180007b900eacb006686fd54da150
  flutter_vision: 2fba88b9eb3f0b037ed12c67d9521d251d556f4d
  FlutterMacOS: c232990155153907050900a2e175c7773903ba4e
  package_info_plus: 12f1c5c2cfe8727ca46cbd0b26677728972d9a5b
  Sentry: 5321d74bdd28d6f6f8beaa1ca06f1fdc746bff49
  sentry_flutter: a8a05a0bd928d60d0d37540ddfec7768ce9e3723
  share_plus: 1fa619de8392a4398bfaf176d441853922614e89
  shared_preferences_foundation: 5086985c1d43c5ba4d5e69a4e8083a389e2909e6
  url_launcher_macos: 175a54c831f4375a6cf895875f716ee5af3888ce

PODFILE CHECKSUM: be5b68d50650f50fcc868ed21e30ffd7544fb508

COCOAPODS: 1.16.2
